
Microsoft Visual Studio Solution File, Format Version 12.00
# Visual Studio Version 17
VisualStudioVersion = 17.9.34728.123
MinimumVisualStudioVersion = 10.0.40219.1
Project("{FAE04EC0-301F-11D3-BF4B-00C04F79EFBC}") = "hocWeb.asp", "hocWeb.asp\hocWeb.asp.csproj", "{F16963AF-F548-481E-907E-C437BE81D945}"
EndProject
Global
	GlobalSection(SolutionConfigurationPlatforms) = preSolution
		Debug|Any CPU = Debug|Any CPU
		Release|Any CPU = Release|Any CPU
	EndGlobalSection
	GlobalSection(ProjectConfigurationPlatforms) = postSolution
		{F16963AF-F548-481E-907E-C437BE81D945}.Debug|Any CPU.ActiveCfg = Debug|Any CPU
		{F16963AF-F548-481E-907E-C437BE81D945}.Debug|Any CPU.Build.0 = Debug|Any CPU
		{F16963AF-F548-481E-907E-C437BE81D945}.Release|Any CPU.ActiveCfg = Release|Any CPU
		{F16963AF-F548-481E-907E-C437BE81D945}.Release|Any CPU.Build.0 = Release|Any CPU
	EndGlobalSection
	GlobalSection(SolutionProperties) = preSolution
		HideSolutionNode = FALSE
	EndGlobalSection
	GlobalSection(ExtensibilityGlobals) = postSolution
		SolutionGuid = {979C4D24-FDA8-4AA5-A0EC-547CA1AED5A7}
	EndGlobalSection
EndGlobal
