
Microsoft Visual Studio Solution File, Format Version 12.00
# Visual Studio Version 17
VisualStudioVersion = 17.9.34728.123
MinimumVisualStudioVersion = 10.0.40219.1
Project("{FAE04EC0-301F-11D3-BF4B-00C04F79EFBC}") = "ArrayList", "ArrayList\ArrayList.csproj", "{94901D5C-E2C3-472D-8955-76669B27E2BC}"
EndProject
Global
	GlobalSection(SolutionConfigurationPlatforms) = preSolution
		Debug|Any CPU = Debug|Any CPU
		Release|Any CPU = Release|Any CPU
	EndGlobalSection
	GlobalSection(ProjectConfigurationPlatforms) = postSolution
		{94901D5C-E2C3-472D-8955-76669B27E2BC}.Debug|Any CPU.ActiveCfg = Debug|Any CPU
		{94901D5C-E2C3-472D-8955-76669B27E2BC}.Debug|Any CPU.Build.0 = Debug|Any CPU
		{94901D5C-E2C3-472D-8955-76669B27E2BC}.Release|Any CPU.ActiveCfg = Release|Any CPU
		{94901D5C-E2C3-472D-8955-76669B27E2BC}.Release|Any CPU.Build.0 = Release|Any CPU
	EndGlobalSection
	GlobalSection(SolutionProperties) = preSolution
		HideSolutionNode = FALSE
	EndGlobalSection
	GlobalSection(ExtensibilityGlobals) = postSolution
		SolutionGuid = {0B5244EA-F869-4BF0-B3F7-C1106C710320}
	EndGlobalSection
EndGlobal
