
Microsoft Visual Studio Solution File, Format Version 12.00
# Visual Studio Version 17
VisualStudioVersion = 17.9.34728.123
MinimumVisualStudioVersion = 10.0.40219.1
Project("{FAE04EC0-301F-11D3-BF4B-00C04F79EFBC}") = "Bài 2", "Bài 2\Bài 2.csproj", "{F4005014-988E-49AC-AA13-8EE5CF972784}"
EndProject
Global
	GlobalSection(SolutionConfigurationPlatforms) = preSolution
		Debug|Any CPU = Debug|Any CPU
		Release|Any CPU = Release|Any CPU
	EndGlobalSection
	GlobalSection(ProjectConfigurationPlatforms) = postSolution
		{F4005014-988E-49AC-AA13-8EE5CF972784}.Debug|Any CPU.ActiveCfg = Debug|Any CPU
		{F4005014-988E-49AC-AA13-8EE5CF972784}.Debug|Any CPU.Build.0 = Debug|Any CPU
		{F4005014-988E-49AC-AA13-8EE5CF972784}.Release|Any CPU.ActiveCfg = Release|Any CPU
		{F4005014-988E-49AC-AA13-8EE5CF972784}.Release|Any CPU.Build.0 = Release|Any CPU
	EndGlobalSection
	GlobalSection(SolutionProperties) = preSolution
		HideSolutionNode = FALSE
	EndGlobalSection
	GlobalSection(ExtensibilityGlobals) = postSolution
		SolutionGuid = {E73FD55F-873F-4D80-AB53-67F6F19BC719}
	EndGlobalSection
EndGlobal
